{
  "name": "football-score-sim",
  "version": "1.2.0",
  "lockfileVersion": 1,
  "requires": true,
  "dependencies": {
    "assertion-error": {
      "version": "1.0.2",
      "resolved": "https://registry.npmjs.org/assertion-error/-/assertion-error-1.0.2.tgz",
      "integrity": "sha1-E8pRXYYgbaC6xm6DTdOX2HWBCUw=",
      "dev": true
    },
    "balanced-match": {
      "version": "1.0.0",
      "resolved": "https://registry.npmjs.org/balanced-match/-/balanced-match-1.0.0.tgz",
      "integrity": "sha1-ibTRmasr7kneFk6gK4nORi1xt2c=",
      "dev": true
    },
    "brace-expansion": {
      "version": "1.1.8",
      "resolved": "https://registry.npmjs.org/brace-expansion/-/brace-expansion-1.1.8.tgz",
      "integrity": "sha1-wHshHHyVLsH479Uad+8NHTmQopI=",
      "dev": true,
      "requires": {
        "balanced-match": "1.0.0",
        "concat-map": "0.0.1"
      }
    },
    "browser-stdout": {
      "version": "1.3.0",
      "resolved": "https://registry.npmjs.org/browser-stdout/-/browser-stdout-1.3.0.tgz",
      "integrity": "sha1-81HTKWnTL6XXpVZxVCY9korjvR8=",
      "dev": true
    },
    "chai": {
      "version": "3.5.0",
      "resolved": "https://registry.npmjs.org/chai/-/chai-3.5.0.tgz",
      "integrity": "sha1-TQJjewZ/6Vi9v906QOxW/vc3Mkc=",
      "dev": true,
      "requires": {
        "assertion-error": "1.0.2",
        "deep-eql": "0.1.3",
        "type-detect": "1.0.0"
      }
    },
    "commander": {
      "version": "2.11.0",
      "resolved": "https://registry.npmjs.org/commander/-/commander-2.11.0.tgz",
      "integrity": "sha512-b0553uYA5YAEGgyYIGYROzKQ7X5RAqedkfjiZxwi0kL1g3bOaBNNZfYkzt/CL0umgD5wc9Jec2FbB98CjkMRvQ=="
    },
    "compute-array-constructors": {
      "version": "1.0.1",
      "resolved": "https://registry.npmjs.org/compute-array-constructors/-/compute-array-constructors-1.0.1.tgz",
      "integrity": "sha1-h+16ZZZo8yv0cM4hybsiSWSJJmU="
    },
    "compute-array-dtype": {
      "version": "1.0.1",
      "resolved": "https://registry.npmjs.org/compute-array-dtype/-/compute-array-dtype-1.0.1.tgz",
      "integrity": "sha1-0EkmtoSQIkWQU5pK6BLxikmY2/M="
    },
    "compute-dtype": {
      "version": "1.0.0",
      "resolved": "https://registry.npmjs.org/compute-dtype/-/compute-dtype-1.0.0.tgz",
      "integrity": "sha1-90ZfwmgWbitaK4pktXzsaRGNNXQ=",
      "requires": {
        "compute-array-dtype": "1.0.1",
        "type-name": "1.1.0"
      }
    },
    "compute-erfinv": {
      "version": "3.0.1",
      "resolved": "https://registry.npmjs.org/compute-erfinv/-/compute-erfinv-3.0.1.tgz",
      "integrity": "sha1-sgdQknW/Ei7hLf8rfkRbmxR3b3U=",
      "requires": {
        "compute-array-constructors": "1.0.1",
        "compute-polynomial": "1.1.0",
        "dstructs-matrix": "2.1.2",
        "utils-deep-get": "1.0.0",
        "utils-deep-set": "1.0.1",
        "validate.io-array-like": "1.0.2",
        "validate.io-boolean-primitive": "1.0.0",
        "validate.io-function": "1.0.2",
        "validate.io-matrix-like": "1.0.2",
        "validate.io-nan": "1.0.3",
        "validate.io-number-primitive": "1.0.0",
        "validate.io-object": "1.0.4",
        "validate.io-string-primitive": "1.0.1",
        "validate.io-typed-array-like": "1.0.1"
      }
    },
    "compute-indexspace": {
      "version": "1.0.1",
      "resolved": "https://registry.npmjs.org/compute-indexspace/-/compute-indexspace-1.0.1.tgz",
      "integrity": "sha1-2B0KWCFFyW5Ls5k2rr2ubMV+hX8=",
      "requires": {
        "validate.io-nonnegative-integer": "1.0.0",
        "validate.io-string-primitive": "1.0.1"
      }
    },
    "compute-polynomial": {
      "version": "1.1.0",
      "resolved": "https://registry.npmjs.org/compute-polynomial/-/compute-polynomial-1.1.0.tgz",
      "integrity": "sha1-WAeC5spdzzxZuuzH/vP3ojUgJ14=",
      "requires": {
        "validate.io-array": "1.0.6",
        "validate.io-boolean-primitive": "1.0.0",
        "validate.io-function": "1.0.2",
        "validate.io-number-primitive": "1.0.0",
        "validate.io-number-primitive-array": "1.0.0",
        "validate.io-object": "1.0.4"
      }
    },
    "concat-map": {
      "version": "0.0.1",
      "resolved": "https://registry.npmjs.org/concat-map/-/concat-map-0.0.1.tgz",
      "integrity": "sha1-2Klr13/Wjfd5OnMDajug1UBdR3s=",
      "dev": true
    },
    "const-max-uint32": {
      "version": "1.0.2",
      "resolved": "https://registry.npmjs.org/const-max-uint32/-/const-max-uint32-1.0.2.tgz",
      "integrity": "sha1-8Am7YjDmeO2HTdLWqc2ePL+rtnY="
    },
    "const-pinf-float64": {
      "version": "1.0.0",
      "resolved": "https://registry.npmjs.org/const-pinf-float64/-/const-pinf-float64-1.0.0.tgz",
      "integrity": "sha1-9u+w15+cCYbT558pI6v5twtj1yY="
    },
    "crypto-js": {
      "version": "3.1.8",
      "resolved": "https://registry.npmjs.org/crypto-js/-/crypto-js-3.1.8.tgz",
      "integrity": "sha1-cV8HC/YBTyrpkqmLOSkli3E/CNU="
    },
    "debug": {
      "version": "2.6.0",
      "resolved": "https://registry.npmjs.org/debug/-/debug-2.6.0.tgz",
      "integrity": "sha1-vFlryr52F/Edn6FTYe3tVgi4SZs=",
      "dev": true,
      "requires": {
        "ms": "0.7.2"
      }
    },
    "deep-eql": {
      "version": "0.1.3",
      "resolved": "https://registry.npmjs.org/deep-eql/-/deep-eql-0.1.3.tgz",
      "integrity": "sha1-71WKyrjeJSBs1xOQbXTlaTDrafI=",
      "dev": true,
      "requires": {
        "type-detect": "0.1.1"
      },
      "dependencies": {
        "type-detect": {
          "version": "0.1.1",
          "resolved": "https://registry.npmjs.org/type-detect/-/type-detect-0.1.1.tgz",
          "integrity": "sha1-C6XsKohWQORw6k6FBZcZANrFiCI=",
          "dev": true
        }
      }
    },
    "diff": {
      "version": "3.2.0",
      "resolved": "https://registry.npmjs.org/diff/-/diff-3.2.0.tgz",
      "integrity": "sha1-yc45Okt8vQsFinJck98pkCeGj/k="
    },
    "distributions-normal-quantile": {
      "version": "0.0.0",
      "resolved": "https://registry.npmjs.org/distributions-normal-quantile/-/distributions-normal-quantile-0.0.0.tgz",
      "integrity": "sha1-iU/k+1ifQVXTgdRALYk4K0F9A4o=",
      "requires": {
        "compute-array-constructors": "1.0.1",
        "compute-erfinv": "3.0.1",
        "dstructs-matrix": "2.1.2",
        "utils-deep-get": "1.0.0",
        "utils-deep-set": "1.0.1",
        "validate.io-array-like": "1.0.2",
        "validate.io-boolean-primitive": "1.0.0",
        "validate.io-function": "1.0.2",
        "validate.io-matrix-like": "1.0.2",
        "validate.io-nan": "1.0.3",
        "validate.io-nonnegative": "1.0.0",
        "validate.io-nonnegative-integer": "1.0.0",
        "validate.io-number-primitive": "1.0.0",
        "validate.io-object": "1.0.4",
        "validate.io-positive-primitive": "1.0.0",
        "validate.io-string-primitive": "1.0.1",
        "validate.io-typed-array-like": "1.0.1"
      }
    },
    "dstructs-array-constructors": {
      "version": "1.0.2",
      "resolved": "https://registry.npmjs.org/dstructs-array-constructors/-/dstructs-array-constructors-1.0.2.tgz",
      "integrity": "sha1-DwaK1bN9AUpEAhpPnJ3Q2JpSZFo="
    },
    "dstructs-array-dtype": {
      "version": "1.0.2",
      "resolved": "https://registry.npmjs.org/dstructs-array-dtype/-/dstructs-array-dtype-1.0.2.tgz",
      "integrity": "sha1-w2j7bkYinfokCfcAzEOiCbSA524="
    },
    "dstructs-cast-arrays": {
      "version": "1.0.3",
      "resolved": "https://registry.npmjs.org/dstructs-cast-arrays/-/dstructs-cast-arrays-1.0.3.tgz",
      "integrity": "sha1-8sugaep0MdrV13lgGlHVmXbCvCU=",
      "requires": {
        "dstructs-array-constructors": "1.0.2",
        "dstructs-array-dtype": "1.0.2",
        "type-name": "1.1.0",
        "validate.io-array-like": "1.0.2"
      }
    },
    "dstructs-matrix": {
      "version": "2.1.2",
      "resolved": "https://registry.npmjs.org/dstructs-matrix/-/dstructs-matrix-2.1.2.tgz",
      "integrity": "sha1-tJYlYAogtCHGCdGRG7HYOCkHR9o=",
      "requires": {
        "compute-dtype": "1.0.0",
        "compute-indexspace": "1.0.1",
        "dstructs-cast-arrays": "1.0.3",
        "utils-copy": "1.1.1",
        "validate.io-array": "1.0.6",
        "validate.io-contains": "1.0.0",
        "validate.io-function": "1.0.2",
        "validate.io-integer-primitive": "1.0.0",
        "validate.io-nan": "1.0.3",
        "validate.io-nonnegative-integer": "1.0.0",
        "validate.io-nonnegative-integer-array": "1.0.1",
        "validate.io-number-primitive": "1.0.0",
        "validate.io-string-primitive": "1.0.1"
      }
    },
    "escape-string-regexp": {
      "version": "1.0.5",
      "resolved": "https://registry.npmjs.org/escape-string-regexp/-/escape-string-regexp-1.0.5.tgz",
      "integrity": "sha1-G2HAViGQqN/2rjuyzwIAyhMLhtQ=",
      "dev": true
    },
    "formatio": {
      "version": "1.2.0",
      "resolved": "https://registry.npmjs.org/formatio/-/formatio-1.2.0.tgz",
      "integrity": "sha1-87IWfZBoxGmKjVH092CjmlTYGOs=",
      "requires": {
        "samsam": "1.2.1"
      }
    },
    "fs.realpath": {
      "version": "1.0.0",
      "resolved": "https://registry.npmjs.org/fs.realpath/-/fs.realpath-1.0.0.tgz",
      "integrity": "sha1-FQStJSMVjKpA20onh8sBQRmU6k8=",
      "dev": true
    },
    "glob": {
      "version": "7.1.1",
      "resolved": "https://registry.npmjs.org/glob/-/glob-7.1.1.tgz",
      "integrity": "sha1-gFIR3wT6rxxjo2ADBs31reULLsg=",
      "dev": true,
      "requires": {
        "fs.realpath": "1.0.0",
        "inflight": "1.0.6",
        "inherits": "2.0.3",
        "minimatch": "3.0.4",
        "once": "1.4.0",
        "path-is-absolute": "1.0.1"
      }
    },
    "graceful-readlink": {
      "version": "1.0.1",
      "resolved": "https://registry.npmjs.org/graceful-readlink/-/graceful-readlink-1.0.1.tgz",
      "integrity": "sha1-TK+tdrxi8C+gObL5Tpo906ORpyU=",
      "dev": true
    },
    "growl": {
      "version": "1.9.2",
      "resolved": "https://registry.npmjs.org/growl/-/growl-1.9.2.tgz",
      "integrity": "sha1-Dqd0NxXbjY3ixe3hd14bRayFwC8=",
      "dev": true
    },
    "has-flag": {
      "version": "1.0.0",
      "resolved": "https://registry.npmjs.org/has-flag/-/has-flag-1.0.0.tgz",
      "integrity": "sha1-nZ55MWXOAXoA8AQYxD+UKnsdEfo=",
      "dev": true
    },
    "inflight": {
      "version": "1.0.6",
      "resolved": "https://registry.npmjs.org/inflight/-/inflight-1.0.6.tgz",
      "integrity": "sha1-Sb1jMdfQLQwJvJEKEHW6gWW1bfk=",
      "dev": true,
      "requires": {
        "once": "1.4.0",
        "wrappy": "1.0.2"
      }
    },
    "inherits": {
      "version": "2.0.3",
      "resolved": "https://registry.npmjs.org/inherits/-/inherits-2.0.3.tgz",
      "integrity": "sha1-Yzwsg+PaQqUC9SRmAiSA9CCCYd4=",
      "dev": true
    },
    "isarray": {
      "version": "0.0.1",
      "resolved": "https://registry.npmjs.org/isarray/-/isarray-0.0.1.tgz",
      "integrity": "sha1-ihis/Kmo9Bd+Cav8YDiTmwXR7t8="
    },
    "json3": {
      "version": "3.3.2",
      "resolved": "https://registry.npmjs.org/json3/-/json3-3.3.2.tgz",
      "integrity": "sha1-PAQ0dD35Pi9cQq7nsZvLSDV19OE=",
      "dev": true
    },
    "lodash._baseassign": {
      "version": "3.2.0",
      "resolved": "https://registry.npmjs.org/lodash._baseassign/-/lodash._baseassign-3.2.0.tgz",
      "integrity": "sha1-jDigmVAPIVrQnlnxci/QxSv+Ck4=",
      "dev": true,
      "requires": {
        "lodash._basecopy": "3.0.1",
        "lodash.keys": "3.1.2"
      }
    },
    "lodash._basecopy": {
      "version": "3.0.1",
      "resolved": "https://registry.npmjs.org/lodash._basecopy/-/lodash._basecopy-3.0.1.tgz",
      "integrity": "sha1-jaDmqHbPNEwK2KVIghEd08XHyjY=",
      "dev": true
    },
    "lodash._basecreate": {
      "version": "3.0.3",
      "resolved": "https://registry.npmjs.org/lodash._basecreate/-/lodash._basecreate-3.0.3.tgz",
      "integrity": "sha1-G8ZhYU2qf8MRt9A78WgGoCE8+CE=",
      "dev": true
    },
    "lodash._getnative": {
      "version": "3.9.1",
      "resolved": "https://registry.npmjs.org/lodash._getnative/-/lodash._getnative-3.9.1.tgz",
      "integrity": "sha1-VwvH3t5G1hzc3mh9ZdPuy6o6r/U=",
      "dev": true
    },
    "lodash._isiterateecall": {
      "version": "3.0.9",
      "resolved": "https://registry.npmjs.org/lodash._isiterateecall/-/lodash._isiterateecall-3.0.9.tgz",
      "integrity": "sha1-UgOte6Ql+uhCRg5pbbnPPmqsBXw=",
      "dev": true
    },
    "lodash.create": {
      "version": "3.1.1",
      "resolved": "https://registry.npmjs.org/lodash.create/-/lodash.create-3.1.1.tgz",
      "integrity": "sha1-1/KEnw29p+BGgruM1yqwIkYd6+c=",
      "dev": true,
      "requires": {
        "lodash._baseassign": "3.2.0",
        "lodash._basecreate": "3.0.3",
        "lodash._isiterateecall": "3.0.9"
      }
    },
    "lodash.isarguments": {
      "version": "3.1.0",
      "resolved": "https://registry.npmjs.org/lodash.isarguments/-/lodash.isarguments-3.1.0.tgz",
      "integrity": "sha1-L1c9hcaiQon/AGY7SRwdM4/zRYo=",
      "dev": true
    },
    "lodash.isarray": {
      "version": "3.0.4",
      "resolved": "https://registry.npmjs.org/lodash.isarray/-/lodash.isarray-3.0.4.tgz",
      "integrity": "sha1-eeTriMNqgSKvhvhEqpvNhRtfu1U=",
      "dev": true
    },
    "lodash.keys": {
      "version": "3.1.2",
      "resolved": "https://registry.npmjs.org/lodash.keys/-/lodash.keys-3.1.2.tgz",
      "integrity": "sha1-TbwEcrFWvlCgsoaFXRvQsMZWCYo=",
      "dev": true,
      "requires": {
        "lodash._getnative": "3.9.1",
        "lodash.isarguments": "3.1.0",
        "lodash.isarray": "3.0.4"
      }
    },
    "lolex": {
      "version": "1.6.0",
      "resolved": "https://registry.npmjs.org/lolex/-/lolex-1.6.0.tgz",
      "integrity": "sha1-OpoCg0UqR9dDnnJzG54H1zhuSfY="
    },
    "minimatch": {
      "version": "3.0.4",
      "resolved": "https://registry.npmjs.org/minimatch/-/minimatch-3.0.4.tgz",
      "integrity": "sha1-UWbihkV/AzBgZL5Ul+jbsMPTIIM=",
      "dev": true,
      "requires": {
        "brace-expansion": "1.1.8"
      }
    },
    "minimist": {
      "version": "0.0.8",
      "resolved": "https://registry.npmjs.org/minimist/-/minimist-0.0.8.tgz",
      "integrity": "sha1-hX/Kv8M5fSYluCKCYuhqp6ARsF0=",
      "dev": true
    },
    "mkdirp": {
      "version": "0.5.1",
      "resolved": "https://registry.npmjs.org/mkdirp/-/mkdirp-0.5.1.tgz",
      "integrity": "sha1-MAV0OOrGz3+MR2fzhkjWaX11yQM=",
      "dev": true,
      "requires": {
        "minimist": "0.0.8"
      }
    },
    "mocha": {
      "version": "3.4.2",
      "resolved": "https://registry.npmjs.org/mocha/-/mocha-3.4.2.tgz",
      "integrity": "sha1-0O9NMyEm2/GNDWQMmzgt1IvpdZQ=",
      "dev": true,
      "requires": {
        "browser-stdout": "1.3.0",
        "commander": "2.9.0",
        "debug": "2.6.0",
        "diff": "3.2.0",
        "escape-string-regexp": "1.0.5",
        "glob": "7.1.1",
        "growl": "1.9.2",
        "json3": "3.3.2",
        "lodash.create": "3.1.1",
        "mkdirp": "0.5.1",
        "supports-color": "3.1.2"
      },
      "dependencies": {
        "commander": {
          "version": "2.9.0",
          "resolved": "https://registry.npmjs.org/commander/-/commander-2.9.0.tgz",
          "integrity": "sha1-nJkJQXbhIkDLItbFFGCYQA/g99Q=",
          "dev": true,
          "requires": {
            "graceful-readlink": "1.0.1"
          }
        }
      }
    },
    "ms": {
      "version": "0.7.2",
      "resolved": "https://registry.npmjs.org/ms/-/ms-0.7.2.tgz",
      "integrity": "sha1-riXPJRKziFodldfwN4aNhDESR2U=",
      "dev": true
    },
    "native-promise-only": {
      "version": "0.8.1",
      "resolved": "https://registry.npmjs.org/native-promise-only/-/native-promise-only-0.8.1.tgz",
      "integrity": "sha1-IKMYwwy0X3H+et+/eyHJnBRy7xE="
    },
    "object-keys": {
      "version": "1.0.11",
      "resolved": "https://registry.npmjs.org/object-keys/-/object-keys-1.0.11.tgz",
      "integrity": "sha1-xUYBd4rVYPEULODgG8yotW0TQm0="
    },
    "once": {
      "version": "1.4.0",
      "resolved": "https://registry.npmjs.org/once/-/once-1.4.0.tgz",
      "integrity": "sha1-WDsap3WWHUsROsF9nFC6753Xa9E=",
      "dev": true,
      "requires": {
        "wrappy": "1.0.2"
      }
    },
    "onmilliseconds": {
      "version": "1.0.0",
      "resolved": "https://registry.npmjs.org/onmilliseconds/-/onmilliseconds-1.0.0.tgz",
      "integrity": "sha512-2lZOpg2y9P8FWCCKGerbzhgSnghy3+btO1wz8Gx1a7JTI9KsyhWo12Zq7SW7tvI25pbpKtvxuPJVqvO0C+pSXA=="
    },
    "path-is-absolute": {
      "version": "1.0.1",
      "resolved": "https://registry.npmjs.org/path-is-absolute/-/path-is-absolute-1.0.1.tgz",
      "integrity": "sha1-F0uSaHNVNP+8es5r9TpanhtcX18=",
      "dev": true
    },
    "path-to-regexp": {
      "version": "1.7.0",
      "resolved": "https://registry.npmjs.org/path-to-regexp/-/path-to-regexp-1.7.0.tgz",
      "integrity": "sha1-Wf3g9DW62suhA6hOnTvGTpa5k30=",
      "requires": {
        "isarray": "0.0.1"
      }
    },
    "regex-regex": {
      "version": "1.0.0",
      "resolved": "https://registry.npmjs.org/regex-regex/-/regex-regex-1.0.0.tgz",
      "integrity": "sha1-kEih6uuHD01IDavHb8Qs3MC8OnI="
    },
    "samsam": {
      "version": "1.2.1",
      "resolved": "https://registry.npmjs.org/samsam/-/samsam-1.2.1.tgz",
      "integrity": "sha1-7dOQk6MYQ3DLhZJDsr3yVefY6mc="
    },
    "seeded-random": {
      "version": "1.0.1",
      "resolved": "https://registry.npmjs.org/seeded-random/-/seeded-random-1.0.1.tgz",
      "integrity": "sha1-/PCo+AkeNPUm3ExUegj+cc5gN6k=",
      "requires": {
        "commander": "2.11.0",
        "crypto-js": "3.1.8"
      }
    },
    "sinon": {
      "version": "2.3.8",
      "resolved": "https://registry.npmjs.org/sinon/-/sinon-2.3.8.tgz",
      "integrity": "sha1-Md4G/tj7o6Zx5XbdltClhjeW8lw=",
      "requires": {
        "diff": "3.2.0",
        "formatio": "1.2.0",
        "lolex": "1.6.0",
        "native-promise-only": "0.8.1",
        "path-to-regexp": "1.7.0",
        "samsam": "1.2.1",
        "text-encoding": "0.6.4",
        "type-detect": "4.0.3"
      },
      "dependencies": {
        "type-detect": {
          "version": "4.0.3",
          "resolved": "https://registry.npmjs.org/type-detect/-/type-detect-4.0.3.tgz",
          "integrity": "sha1-Dj8mcLRAmbC0bChNE2p+9Jx0wuo="
        }
      }
    },
    "supports-color": {
      "version": "3.1.2",
      "resolved": "https://registry.npmjs.org/supports-color/-/supports-color-3.1.2.tgz",
      "integrity": "sha1-cqJiiU2dQIuVbKBf83su2KbiotU=",
      "dev": true,
      "requires": {
        "has-flag": "1.0.0"
      }
    },
    "text-encoding": {
      "version": "0.6.4",
      "resolved": "https://registry.npmjs.org/text-encoding/-/text-encoding-0.6.4.tgz",
      "integrity": "sha1-45mpgiV6J22uQou5KEXLcb3CbRk="
    },
    "type-detect": {
      "version": "1.0.0",
      "resolved": "https://registry.npmjs.org/type-detect/-/type-detect-1.0.0.tgz",
      "integrity": "sha1-diIXzAbbJY7EiQihKY6LlRIejqI=",
      "dev": true
    },
    "type-name": {
      "version": "1.1.0",
      "resolved": "https://registry.npmjs.org/type-name/-/type-name-1.1.0.tgz",
      "integrity": "sha1-rZw/fDMPWy8I3n159W0rlFHkKw4="
    },
    "utils-copy": {
      "version": "1.1.1",
      "resolved": "https://registry.npmjs.org/utils-copy/-/utils-copy-1.1.1.tgz",
      "integrity": "sha1-biuXmCqozXPhGCo+b4vsPA9AWKc=",
      "requires": {
        "const-pinf-float64": "1.0.0",
        "object-keys": "1.0.11",
        "type-name": "2.0.2",
        "utils-copy-error": "1.0.1",
        "utils-indexof": "1.0.0",
        "utils-regex-from-string": "1.0.0",
        "validate.io-array": "1.0.6",
        "validate.io-buffer": "1.0.2",
        "validate.io-nonnegative-integer": "1.0.0"
      },
      "dependencies": {
        "type-name": {
          "version": "2.0.2",
          "resolved": "https://registry.npmjs.org/type-name/-/type-name-2.0.2.tgz",
          "integrity": "sha1-7+fUEj2KxSr/9/QMfk3sUmYAj7Q="
        }
      }
    },
    "utils-copy-error": {
      "version": "1.0.1",
      "resolved": "https://registry.npmjs.org/utils-copy-error/-/utils-copy-error-1.0.1.tgz",
      "integrity": "sha1-eR3jk8DwmJCv1Z88vqY18HmpT6U=",
      "requires": {
        "object-keys": "1.0.11",
        "utils-copy": "1.1.1"
      }
    },
    "utils-deep-get": {
      "version": "1.0.0",
      "resolved": "https://registry.npmjs.org/utils-deep-get/-/utils-deep-get-1.0.0.tgz",
      "integrity": "sha1-SEBKd/om+E5pbkhaY4nCvs3woMk=",
      "requires": {
        "validate.io-array": "1.0.6",
        "validate.io-object": "1.0.4",
        "validate.io-string-primitive": "1.0.1"
      }
    },
    "utils-deep-set": {
      "version": "1.0.1",
      "resolved": "https://registry.npmjs.org/utils-deep-set/-/utils-deep-set-1.0.1.tgz",
      "integrity": "sha1-Zmr5PM0dIhw/yv3yFRoi7gvLBv4=",
      "requires": {
        "validate.io-array": "1.0.6",
        "validate.io-boolean-primitive": "1.0.0",
        "validate.io-object": "1.0.4",
        "validate.io-string-primitive": "1.0.1"
      }
    },
    "utils-indexof": {
      "version": "1.0.0",
      "resolved": "https://registry.npmjs.org/utils-indexof/-/utils-indexof-1.0.0.tgz",
      "integrity": "sha1-IP6r8J7xAYtSNkPoOA57yD7GG1w=",
      "requires": {
        "validate.io-array-like": "1.0.2",
        "validate.io-integer-primitive": "1.0.0"
      }
    },
    "utils-regex-from-string": {
      "version": "1.0.0",
      "resolved": "https://registry.npmjs.org/utils-regex-from-string/-/utils-regex-from-string-1.0.0.tgz",
      "integrity": "sha1-/hopCfjeD/DVGCyA+8ZU1qaH0Yk=",
      "requires": {
        "regex-regex": "1.0.0",
        "validate.io-string-primitive": "1.0.1"
      }
    },
    "validate.io-array": {
      "version": "1.0.6",
      "resolved": "https://registry.npmjs.org/validate.io-array/-/validate.io-array-1.0.6.tgz",
      "integrity": "sha1-W1osr9j4uFq7L4hroVPy2Tond00="
    },
    "validate.io-array-like": {
      "version": "1.0.2",
      "resolved": "https://registry.npmjs.org/validate.io-array-like/-/validate.io-array-like-1.0.2.tgz",
      "integrity": "sha1-evn363tRcVvrIhVmjsXM5U+t21o=",
      "requires": {
        "const-max-uint32": "1.0.2",
        "validate.io-integer-primitive": "1.0.0"
      }
    },
    "validate.io-boolean-primitive": {
      "version": "1.0.0",
      "resolved": "https://registry.npmjs.org/validate.io-boolean-primitive/-/validate.io-boolean-primitive-1.0.0.tgz",
      "integrity": "sha1-uxTJy4aDw8nz0TKalad2jj7inrU="
    },
    "validate.io-buffer": {
      "version": "1.0.2",
      "resolved": "https://registry.npmjs.org/validate.io-buffer/-/validate.io-buffer-1.0.2.tgz",
      "integrity": "sha1-hS1nNAIZFNXROvwyUxdh43IO1E4="
    },
    "validate.io-contains": {
      "version": "1.0.0",
      "resolved": "https://registry.npmjs.org/validate.io-contains/-/validate.io-contains-1.0.0.tgz",
      "integrity": "sha1-vwm6TyfGQlB7CQXbs6dKUncInP4=",
      "requires": {
        "validate.io-array": "1.0.6",
        "validate.io-nan-primitive": "1.0.0"
      }
    },
    "validate.io-function": {
      "version": "1.0.2",
      "resolved": "https://registry.npmjs.org/validate.io-function/-/validate.io-function-1.0.2.tgz",
      "integrity": "sha1-NDoZgC7TsZaCaceA5VjpNBHAutc="
    },
    "validate.io-integer": {
      "version": "1.0.5",
      "resolved": "https://registry.npmjs.org/validate.io-integer/-/validate.io-integer-1.0.5.tgz",
      "integrity": "sha1-FoSWSAuVviJH7EQ/IjPeT4mHgGg=",
      "requires": {
        "validate.io-number": "1.0.3"
      }
    },
    "validate.io-integer-primitive": {
      "version": "1.0.0",
      "resolved": "https://registry.npmjs.org/validate.io-integer-primitive/-/validate.io-integer-primitive-1.0.0.tgz",
      "integrity": "sha1-qaoBA1X+hoHA/qbBp0rSQZyt3cY=",
      "requires": {
        "validate.io-number-primitive": "1.0.0"
      }
    },
    "validate.io-matrix-like": {
      "version": "1.0.2",
      "resolved": "https://registry.npmjs.org/validate.io-matrix-like/-/validate.io-matrix-like-1.0.2.tgz",
      "integrity": "sha1-XsMqddCInaxzbepovdYUWxVe38M="
    },
    "validate.io-nan": {
      "version": "1.0.3",
      "resolved": "https://registry.npmjs.org/validate.io-nan/-/validate.io-nan-1.0.3.tgz",
      "integrity": "sha1-1DjhOGjJy9N/26EllN5Nj+FEMKQ="
    },
    "validate.io-nan-primitive": {
      "version": "1.0.0",
      "resolved": "https://registry.npmjs.org/validate.io-nan-primitive/-/validate.io-nan-primitive-1.0.0.tgz",
      "integrity": "sha1-R1zC0DXQuvLQCRItg+opGjLX+ww="
    },
    "validate.io-nonnegative": {
      "version": "1.0.0",
      "resolved": "https://registry.npmjs.org/validate.io-nonnegative/-/validate.io-nonnegative-1.0.0.tgz",
      "integrity": "sha1-AhmWvF3fXZf3xA3/S0M1pJ6EIMs=",
      "requires": {
        "validate.io-number": "1.0.3"
      }
    },
    "validate.io-nonnegative-integer": {
      "version": "1.0.0",
      "resolved": "https://registry.npmjs.org/validate.io-nonnegative-integer/-/validate.io-nonnegative-integer-1.0.0.tgz",
      "integrity": "sha1-gGkkOgjF+Y6VQTySnf17GPP28p8=",
      "requires": {
        "validate.io-integer": "1.0.5"
      }
    },
    "validate.io-nonnegative-integer-array": {
      "version": "1.0.1",
      "resolved": "https://registry.npmjs.org/validate.io-nonnegative-integer-array/-/validate.io-nonnegative-integer-array-1.0.1.tgz",
      "integrity": "sha1-ZjMKZl9VmLlvJfaQgfgfYy6k208=",
      "requires": {
        "validate.io-array": "1.0.6",
        "validate.io-nonnegative-integer": "1.0.0"
      }
    },
    "validate.io-number": {
      "version": "1.0.3",
      "resolved": "https://registry.npmjs.org/validate.io-number/-/validate.io-number-1.0.3.tgz",
      "integrity": "sha1-9j/+2iSL8opnqNSODjtGGhZluvg="
    },
    "validate.io-number-primitive": {
      "version": "1.0.0",
      "resolved": "https://registry.npmjs.org/validate.io-number-primitive/-/validate.io-number-primitive-1.0.0.tgz",
      "integrity": "sha1-0uAfICmJNp3PEVVElWQgOv5YTlU="
    },
    "validate.io-number-primitive-array": {
      "version": "1.0.0",
      "resolved": "https://registry.npmjs.org/validate.io-number-primitive-array/-/validate.io-number-primitive-array-1.0.0.tgz",
      "integrity": "sha1-cGRECMWU1C8fu9ZaxrIxYx6GmVQ=",
      "requires": {
        "validate.io-array": "1.0.6"
      }
    },
    "validate.io-object": {
      "version": "1.0.4",
      "resolved": "https://registry.npmjs.org/validate.io-object/-/validate.io-object-1.0.4.tgz",
      "integrity": "sha1-3KAezu45DhENvCr4Q8gfe/M6Qas=",
      "requires": {
        "validate.io-array": "1.0.6"
      }
    },
    "validate.io-positive-primitive": {
      "version": "1.0.0",
      "resolved": "https://registry.npmjs.org/validate.io-positive-primitive/-/validate.io-positive-primitive-1.0.0.tgz",
      "integrity": "sha1-vGEkQWseoX7b8DWhdmnQCxhYd8A=",
      "requires": {
        "validate.io-number-primitive": "1.0.0"
      }
    },
    "validate.io-string-primitive": {
      "version": "1.0.1",
      "resolved": "https://registry.npmjs.org/validate.io-string-primitive/-/validate.io-string-primitive-1.0.1.tgz",
      "integrity": "sha1-uBNbn7E3K94C/dU60dDM1t55j+4="
    },
    "validate.io-typed-array-like": {
      "version": "1.0.1",
      "resolved": "https://registry.npmjs.org/validate.io-typed-array-like/-/validate.io-typed-array-like-1.0.1.tgz",
      "integrity": "sha1-vJ0I7R2b+nvZ7FRMbuNzWnht9wo=",
      "requires": {
        "const-max-uint32": "1.0.2",
        "validate.io-integer-primitive": "1.0.0"
      }
    },
    "wrappy": {
      "version": "1.0.2",
      "resolved": "https://registry.npmjs.org/wrappy/-/wrappy-1.0.2.tgz",
      "integrity": "sha1-tSQ9jz7BqjXxNkYFvA0QNuMKtp8=",
      "dev": true
    }
  }
}
